
Microsoft Visual Studio Solution File, Format Version 12.00
# Visual Studio Version 16
VisualStudioVersion = 16.0.31313.79
MinimumVisualStudioVersion = 10.0.40219.1
Project("{9A19103F-16F7-4668-BE54-9A1E7A4F7556}") = "Maxa Dash", "Maxa Dash\Maxa Dash.csproj", "{CF15F5E0-14C0-4AF5-A32D-623888AEB63B}"
EndProject
Global
	GlobalSection(SolutionConfigurationPlatforms) = preSolution
		Debug|Any CPU = Debug|Any CPU
		Release|Any CPU = Release|Any CPU
	EndGlobalSection
	GlobalSection(ProjectConfigurationPlatforms) = postSolution
		{CF15F5E0-14C0-4AF5-A32D-623888AEB63B}.Debug|Any CPU.ActiveCfg = Debug|Any CPU
		{CF15F5E0-14C0-4AF5-A32D-623888AEB63B}.Debug|Any CPU.Build.0 = Debug|Any CPU
		{CF15F5E0-14C0-4AF5-A32D-623888AEB63B}.Release|Any CPU.ActiveCfg = Release|Any CPU
		{CF15F5E0-14C0-4AF5-A32D-623888AEB63B}.Release|Any CPU.Build.0 = Release|Any CPU
	EndGlobalSection
	GlobalSection(SolutionProperties) = preSolution
		HideSolutionNode = FALSE
	EndGlobalSection
	GlobalSection(ExtensibilityGlobals) = postSolution
		SolutionGuid = {BD87EE45-1982-4AA7-BE70-0B26C5B7CC7F}
	EndGlobalSection
EndGlobal
